// !$*UTF8*$!
{
	archiveVersion = 1;
	classes = {
	};
	objectVersion = 56;
	objects = {

/* Begin PBXBuildFile section */
		64BAF23F292FB21100775595 /* OnboardingView.swift in Sources */ = {isa = PBXBuildFile; fileRef = 64BAF23E292FB21100775595 /* OnboardingView.swift */; };
		9305AC322936DBA700A1647F /* HumorView.swift in Sources */ = {isa = PBXBuildFile; fileRef = 9305AC312936DBA700A1647F /* HumorView.swift */; };
		938507C72939302200968FA2 /* TESTE.swift in Sources */ = {isa = PBXBuildFile; fileRef = 938507C62939302200968FA2 /* TESTE.swift */; };
		93C4D36029359CDD00268B94 /* ListaVersiculosView.swift in Sources */ = {isa = PBXBuildFile; fileRef = 93C4D35F29359CDD00268B94 /* ListaVersiculosView.swift */; };
		93F7A707292E462200789EA9 /* motiva Watch App.app in Embed Watch Content */ = {isa = PBXBuildFile; fileRef = 93F7A706292E462200789EA9 /* motiva Watch App.app */; settings = {ATTRIBUTES = (RemoveHeadersOnCopy, ); }; };
		93F7A70C292E462200789EA9 /* motivaApp.swift in Sources */ = {isa = PBXBuildFile; fileRef = 93F7A70B292E462200789EA9 /* motivaApp.swift */; };
		93F7A70E292E462200789EA9 /* ContentView.swift in Sources */ = {isa = PBXBuildFile; fileRef = 93F7A70D292E462200789EA9 /* ContentView.swift */; };
		93F7A710292E462200789EA9 /* Assets.xcassets in Resources */ = {isa = PBXBuildFile; fileRef = 93F7A70F292E462200789EA9 /* Assets.xcassets */; };
		93F7A713292E462200789EA9 /* Preview Assets.xcassets in Resources */ = {isa = PBXBuildFile; fileRef = 93F7A712292E462200789EA9 /* Preview Assets.xcassets */; };
		93F7A742292FA3F900789EA9 /* BotaoPrincipalComponenteView.swift in Sources */ = {isa = PBXBuildFile; fileRef = 93F7A741292FA3F900789EA9 /* BotaoPrincipalComponenteView.swift */; };
		93F7A747292FA65C00789EA9 /* MenuPrincipalView.swift in Sources */ = {isa = PBXBuildFile; fileRef = 93F7A746292FA65C00789EA9 /* MenuPrincipalView.swift */; };
		93F7A7522931071700789EA9 /* DetalhesVersiculosView.swift in Sources */ = {isa = PBXBuildFile; fileRef = 93F7A7512931071700789EA9 /* DetalhesVersiculosView.swift */; };
/* End PBXBuildFile section */

/* Begin PBXContainerItemProxy section */
		93F7A708292E462200789EA9 /* PBXContainerItemProxy */ = {
			isa = PBXContainerItemProxy;
			containerPortal = 93F7A6FA292E462200789EA9 /* Project object */;
			proxyType = 1;
			remoteGlobalIDString = 93F7A705292E462200789EA9;
			remoteInfo = "motiva Watch App";
		};
/* End PBXContainerItemProxy section */

/* Begin PBXCopyFilesBuildPhase section */
		93F7A719292E462200789EA9 /* Embed Watch Content */ = {
			isa = PBXCopyFilesBuildPhase;
			buildActionMask = 2147483647;
			dstPath = "$(CONTENTS_FOLDER_PATH)/Watch";
			dstSubfolderSpec = 16;
			files = (
				93F7A707292E462200789EA9 /* motiva Watch App.app in Embed Watch Content */,
			);
			name = "Embed Watch Content";
			runOnlyForDeploymentPostprocessing = 0;
		};
/* End PBXCopyFilesBuildPhase section */

/* Begin PBXFileReference section */
		64BAF23E292FB21100775595 /* OnboardingView.swift */ = {isa = PBXFileReference; lastKnownFileType = sourcecode.swift; path = OnboardingView.swift; sourceTree = "<group>"; };
		9305AC312936DBA700A1647F /* HumorView.swift */ = {isa = PBXFileReference; fileEncoding = 4; lastKnownFileType = sourcecode.swift; path = HumorView.swift; sourceTree = "<group>"; };
		938507C62939302200968FA2 /* TESTE.swift */ = {isa = PBXFileReference; lastKnownFileType = sourcecode.swift; path = TESTE.swift; sourceTree = "<group>"; };
		93C4D35F29359CDD00268B94 /* ListaVersiculosView.swift */ = {isa = PBXFileReference; lastKnownFileType = sourcecode.swift; path = ListaVersiculosView.swift; sourceTree = "<group>"; };
		93F7A700292E462200789EA9 /* motiva.app */ = {isa = PBXFileReference; explicitFileType = wrapper.application; includeInIndex = 0; path = motiva.app; sourceTree = BUILT_PRODUCTS_DIR; };
		93F7A706292E462200789EA9 /* motiva Watch App.app */ = {isa = PBXFileReference; explicitFileType = wrapper.application; includeInIndex = 0; path = "motiva Watch App.app"; sourceTree = BUILT_PRODUCTS_DIR; };
		93F7A70B292E462200789EA9 /* motivaApp.swift */ = {isa = PBXFileReference; lastKnownFileType = sourcecode.swift; path = motivaApp.swift; sourceTree = "<group>"; };
		93F7A70D292E462200789EA9 /* ContentView.swift */ = {isa = PBXFileReference; lastKnownFileType = sourcecode.swift; path = ContentView.swift; sourceTree = "<group>"; };
		93F7A70F292E462200789EA9 /* Assets.xcassets */ = {isa = PBXFileReference; lastKnownFileType = folder.assetcatalog; path = Assets.xcassets; sourceTree = "<group>"; };
		93F7A712292E462200789EA9 /* Preview Assets.xcassets */ = {isa = PBXFileReference; lastKnownFileType = folder.assetcatalog; path = "Preview Assets.xcassets"; sourceTree = "<group>"; };
		93F7A741292FA3F900789EA9 /* BotaoPrincipalComponenteView.swift */ = {isa = PBXFileReference; lastKnownFileType = sourcecode.swift; path = BotaoPrincipalComponenteView.swift; sourceTree = "<group>"; };
		93F7A746292FA65C00789EA9 /* MenuPrincipalView.swift */ = {isa = PBXFileReference; lastKnownFileType = sourcecode.swift; path = MenuPrincipalView.swift; sourceTree = "<group>"; };
		93F7A7512931071700789EA9 /* DetalhesVersiculosView.swift */ = {isa = PBXFileReference; lastKnownFileType = sourcecode.swift; path = DetalhesVersiculosView.swift; sourceTree = "<group>"; };
/* End PBXFileReference section */

/* Begin PBXFrameworksBuildPhase section */
		93F7A703292E462200789EA9 /* Frameworks */ = {
			isa = PBXFrameworksBuildPhase;
			buildActionMask = 2147483647;
			files = (
			);
			runOnlyForDeploymentPostprocessing = 0;
		};
/* End PBXFrameworksBuildPhase section */

/* Begin PBXGroup section */
		93F7A6F9292E462200789EA9 = {
			isa = PBXGroup;
			children = (
				93F7A70A292E462200789EA9 /* motiva Watch App */,
				93F7A701292E462200789EA9 /* Products */,
			);
			sourceTree = "<group>";
		};
		93F7A701292E462200789EA9 /* Products */ = {
			isa = PBXGroup;
			children = (
				93F7A700292E462200789EA9 /* motiva.app */,
				93F7A706292E462200789EA9 /* motiva Watch App.app */,
			);
			name = Products;
			sourceTree = "<group>";
		};
		93F7A70A292E462200789EA9 /* motiva Watch App */ = {
			isa = PBXGroup;
			children = (
				93F7A74A2930EAAE00789EA9 /* Modelos */,
				93F7A73E292FA27C00789EA9 /* Componentes */,
				93F7A745292FA5DD00789EA9 /* Views */,
				93F7A70B292E462200789EA9 /* motivaApp.swift */,
				93F7A70D292E462200789EA9 /* ContentView.swift */,
				93F7A70F292E462200789EA9 /* Assets.xcassets */,
				93F7A711292E462200789EA9 /* Preview Content */,
			);
			path = "motiva Watch App";
			sourceTree = "<group>";
		};
		93F7A711292E462200789EA9 /* Preview Content */ = {
			isa = PBXGroup;
			children = (
				93F7A712292E462200789EA9 /* Preview Assets.xcassets */,
			);
			path = "Preview Content";
			sourceTree = "<group>";
		};
		93F7A73E292FA27C00789EA9 /* Componentes */ = {
			isa = PBXGroup;
			children = (
				93F7A741292FA3F900789EA9 /* BotaoPrincipalComponenteView.swift */,
			);
			path = Componentes;
			sourceTree = "<group>";
		};
		93F7A745292FA5DD00789EA9 /* Views */ = {
			isa = PBXGroup;
			children = (
				9305AC312936DBA700A1647F /* HumorView.swift */,
				64BAF23E292FB21100775595 /* OnboardingView.swift */,
				93F7A746292FA65C00789EA9 /* MenuPrincipalView.swift */,
				93F7A7512931071700789EA9 /* DetalhesVersiculosView.swift */,
				93C4D35F29359CDD00268B94 /* ListaVersiculosView.swift */,
				938507C62939302200968FA2 /* TESTE.swift */,
			);
			path = Views;
			sourceTree = "<group>";
		};
		93F7A74A2930EAAE00789EA9 /* Modelos */ = {
			isa = PBXGroup;
			children = (
			);
			path = Modelos;
			sourceTree = "<group>";
		};
/* End PBXGroup section */

/* Begin PBXNativeTarget section */
		93F7A6FF292E462200789EA9 /* motiva */ = {
			isa = PBXNativeTarget;
			buildConfigurationList = 93F7A71A292E462200789EA9 /* Build configuration list for PBXNativeTarget "motiva" */;
			buildPhases = (
				93F7A6FE292E462200789EA9 /* Resources */,
				93F7A719292E462200789EA9 /* Embed Watch Content */,
			);
			buildRules = (
			);
			dependencies = (
				93F7A709292E462200789EA9 /* PBXTargetDependency */,
			);
			name = motiva;
			productName = motiva;
			productReference = 93F7A700292E462200789EA9 /* motiva.app */;
			productType = "com.apple.product-type.application.watchapp2-container";
		};
		93F7A705292E462200789EA9 /* motiva Watch App */ = {
			isa = PBXNativeTarget;
			buildConfigurationList = 93F7A716292E462200789EA9 /* Build configuration list for PBXNativeTarget "motiva Watch App" */;
			buildPhases = (
				93F7A702292E462200789EA9 /* Sources */,
				93F7A703292E462200789EA9 /* Frameworks */,
				93F7A704292E462200789EA9 /* Resources */,
			);
			buildRules = (
			);
			dependencies = (
			);
			name = "motiva Watch App";
			productName = "motiva Watch App";
			productReference = 93F7A706292E462200789EA9 /* motiva Watch App.app */;
			productType = "com.apple.product-type.application";
		};
/* End PBXNativeTarget section */

/* Begin PBXProject section */
		93F7A6FA292E462200789EA9 /* Project object */ = {
			isa = PBXProject;
			attributes = {
				BuildIndependentTargetsInParallel = 1;
				LastSwiftUpdateCheck = 1410;
				LastUpgradeCheck = 1410;
				TargetAttributes = {
					93F7A6FF292E462200789EA9 = {
						CreatedOnToolsVersion = 14.1;
					};
					93F7A705292E462200789EA9 = {
						CreatedOnToolsVersion = 14.1;
					};
				};
			};
			buildConfigurationList = 93F7A6FD292E462200789EA9 /* Build configuration list for PBXProject "motiva" */;
			compatibilityVersion = "Xcode 14.0";
			developmentRegion = en;
			hasScannedForEncodings = 0;
			knownRegions = (
				en,
				Base,
			);
			mainGroup = 93F7A6F9292E462200789EA9;
			productRefGroup = 93F7A701292E462200789EA9 /* Products */;
			projectDirPath = "";
			projectRoot = "";
			targets = (
				93F7A6FF292E462200789EA9 /* motiva */,
				93F7A705292E462200789EA9 /* motiva Watch App */,
			);
		};
/* End PBXProject section */

/* Begin PBXResourcesBuildPhase section */
		93F7A6FE292E462200789EA9 /* Resources */ = {
			isa = PBXResourcesBuildPhase;
			buildActionMask = 2147483647;
			files = (
			);
			runOnlyForDeploymentPostprocessing = 0;
		};
		93F7A704292E462200789EA9 /* Resources */ = {
			isa = PBXResourcesBuildPhase;
			buildActionMask = 2147483647;
			files = (
				93F7A713292E462200789EA9 /* Preview Assets.xcassets in Resources */,
				93F7A710292E462200789EA9 /* Assets.xcassets in Resources */,
			);
			runOnlyForDeploymentPostprocessing = 0;
		};
/* End PBXResourcesBuildPhase section */

/* Begin PBXSourcesBuildPhase section */
		93F7A702292E462200789EA9 /* Sources */ = {
			isa = PBXSourcesBuildPhase;
			buildActionMask = 2147483647;
			files = (
				93F7A747292FA65C00789EA9 /* MenuPrincipalView.swift in Sources */,
				93F7A7522931071700789EA9 /* DetalhesVersiculosView.swift in Sources */,
				93F7A70E292E462200789EA9 /* ContentView.swift in Sources */,
				93F7A70C292E462200789EA9 /* motivaApp.swift in Sources */,
				64BAF23F292FB21100775595 /* OnboardingView.swift in Sources */,
				938507C72939302200968FA2 /* TESTE.swift in Sources */,
				9305AC322936DBA700A1647F /* HumorView.swift in Sources */,
				93F7A742292FA3F900789EA9 /* BotaoPrincipalComponenteView.swift in Sources */,
				93C4D36029359CDD00268B94 /* ListaVersiculosView.swift in Sources */,
			);
			runOnlyForDeploymentPostprocessing = 0;
		};
/* End PBXSourcesBuildPhase section */

/* Begin PBXTargetDependency section */
		93F7A709292E462200789EA9 /* PBXTargetDependency */ = {
			isa = PBXTargetDependency;
			target = 93F7A705292E462200789EA9 /* motiva Watch App */;
			targetProxy = 93F7A708292E462200789EA9 /* PBXContainerItemProxy */;
		};
/* End PBXTargetDependency section */

/* Begin XCBuildConfiguration section */
		93F7A714292E462200789EA9 /* Debug */ = {
			isa = XCBuildConfiguration;
			buildSettings = {
				ALWAYS_SEARCH_USER_PATHS = NO;
				CLANG_ANALYZER_NONNULL = YES;
				CLANG_ANALYZER_NUMBER_OBJECT_CONVERSION = YES_AGGRESSIVE;
				CLANG_CXX_LANGUAGE_STANDARD = "gnu++20";
				CLANG_ENABLE_MODULES = YES;
				CLANG_ENABLE_OBJC_ARC = YES;
				CLANG_ENABLE_OBJC_WEAK = YES;
				CLANG_WARN_BLOCK_CAPTURE_AUTORELEASING = YES;
				CLANG_WARN_BOOL_CONVERSION = YES;
				CLANG_WARN_COMMA = YES;
				CLANG_WARN_CONSTANT_CONVERSION = YES;
				CLANG_WARN_DEPRECATED_OBJC_IMPLEMENTATIONS = YES;
				CLANG_WARN_DIRECT_OBJC_ISA_USAGE = YES_ERROR;
				CLANG_WARN_DOCUMENTATION_COMMENTS = YES;
				CLANG_WARN_EMPTY_BODY = YES;
				CLANG_WARN_ENUM_CONVERSION = YES;
				CLANG_WARN_INFINITE_RECURSION = YES;
				CLANG_WARN_INT_CONVERSION = YES;
				CLANG_WARN_NON_LITERAL_NULL_CONVERSION = YES;
				CLANG_WARN_OBJC_IMPLICIT_RETAIN_SELF = YES;
				CLANG_WARN_OBJC_LITERAL_CONVERSION = YES;
				CLANG_WARN_OBJC_ROOT_CLASS = YES_ERROR;
				CLANG_WARN_QUOTED_INCLUDE_IN_FRAMEWORK_HEADER = YES;
				CLANG_WARN_RANGE_LOOP_ANALYSIS = YES;
				CLANG_WARN_STRICT_PROTOTYPES = YES;
				CLANG_WARN_SUSPICIOUS_MOVE = YES;
				CLANG_WARN_UNGUARDED_AVAILABILITY = YES_AGGRESSIVE;
				CLANG_WARN_UNREACHABLE_CODE = YES;
				CLANG_WARN__DUPLICATE_METHOD_MATCH = YES;
				COPY_PHASE_STRIP = NO;
				DEBUG_INFORMATION_FORMAT = dwarf;
				ENABLE_STRICT_OBJC_MSGSEND = YES;
				ENABLE_TESTABILITY = YES;
				GCC_C_LANGUAGE_STANDARD = gnu11;
				GCC_DYNAMIC_NO_PIC = NO;
				GCC_NO_COMMON_BLOCKS = YES;
				GCC_OPTIMIZATION_LEVEL = 0;
				GCC_PREPROCESSOR_DEFINITIONS = (
					"DEBUG=1",
					"$(inherited)",
				);
				GCC_WARN_64_TO_32_BIT_CONVERSION = YES;
				GCC_WARN_ABOUT_RETURN_TYPE = YES_ERROR;
				GCC_WARN_UNDECLARED_SELECTOR = YES;
				GCC_WARN_UNINITIALIZED_AUTOS = YES_AGGRESSIVE;
				GCC_WARN_UNUSED_FUNCTION = YES;
				GCC_WARN_UNUSED_VARIABLE = YES;
				MTL_ENABLE_DEBUG_INFO = INCLUDE_SOURCE;
				MTL_FAST_MATH = YES;
				ONLY_ACTIVE_ARCH = YES;
				SWIFT_ACTIVE_COMPILATION_CONDITIONS = DEBUG;
				SWIFT_OPTIMIZATION_LEVEL = "-Onone";
			};
			name = Debug;
		};
		93F7A715292E462200789EA9 /* Release */ = {
			isa = XCBuildConfiguration;
			buildSettings = {
				ALWAYS_SEARCH_USER_PATHS = NO;
				CLANG_ANALYZER_NONNULL = YES;
				CLANG_ANALYZER_NUMBER_OBJECT_CONVERSION = YES_AGGRESSIVE;
				CLANG_CXX_LANGUAGE_STANDARD = "gnu++20";
				CLANG_ENABLE_MODULES = YES;
				CLANG_ENABLE_OBJC_ARC = YES;
				CLANG_ENABLE_OBJC_WEAK = YES;
				CLANG_WARN_BLOCK_CAPTURE_AUTORELEASING = YES;
				CLANG_WARN_BOOL_CONVERSION = YES;
				CLANG_WARN_COMMA = YES;
				CLANG_WARN_CONSTANT_CONVERSION = YES;
				CLANG_WARN_DEPRECATED_OBJC_IMPLEMENTATIONS = YES;
				CLANG_WARN_DIRECT_OBJC_ISA_USAGE = YES_ERROR;
				CLANG_WARN_DOCUMENTATION_COMMENTS = YES;
				CLANG_WARN_EMPTY_BODY = YES;
				CLANG_WARN_ENUM_CONVERSION = YES;
				CLANG_WARN_INFINITE_RECURSION = YES;
				CLANG_WARN_INT_CONVERSION = YES;
				CLANG_WARN_NON_LITERAL_NULL_CONVERSION = YES;
				CLANG_WARN_OBJC_IMPLICIT_RETAIN_SELF = YES;
				CLANG_WARN_OBJC_LITERAL_CONVERSION = YES;
				CLANG_WARN_OBJC_ROOT_CLASS = YES_ERROR;
				CLANG_WARN_QUOTED_INCLUDE_IN_FRAMEWORK_HEADER = YES;
				CLANG_WARN_RANGE_LOOP_ANALYSIS = YES;
				CLANG_WARN_STRICT_PROTOTYPES = YES;
				CLANG_WARN_SUSPICIOUS_MOVE = YES;
				CLANG_WARN_UNGUARDED_AVAILABILITY = YES_AGGRESSIVE;
				CLANG_WARN_UNREACHABLE_CODE = YES;
				CLANG_WARN__DUPLICATE_METHOD_MATCH = YES;
				COPY_PHASE_STRIP = NO;
				DEBUG_INFORMATION_FORMAT = "dwarf-with-dsym";
				ENABLE_NS_ASSERTIONS = NO;
				ENABLE_STRICT_OBJC_MSGSEND = YES;
				GCC_C_LANGUAGE_STANDARD = gnu11;
				GCC_NO_COMMON_BLOCKS = YES;
				GCC_WARN_64_TO_32_BIT_CONVERSION = YES;
				GCC_WARN_ABOUT_RETURN_TYPE = YES_ERROR;
				GCC_WARN_UNDECLARED_SELECTOR = YES;
				GCC_WARN_UNINITIALIZED_AUTOS = YES_AGGRESSIVE;
				GCC_WARN_UNUSED_FUNCTION = YES;
				GCC_WARN_UNUSED_VARIABLE = YES;
				MTL_ENABLE_DEBUG_INFO = NO;
				MTL_FAST_MATH = YES;
				SWIFT_COMPILATION_MODE = wholemodule;
				SWIFT_OPTIMIZATION_LEVEL = "-O";
			};
			name = Release;
		};
		93F7A717292E462200789EA9 /* Debug */ = {
			isa = XCBuildConfiguration;
			buildSettings = {
				ASSETCATALOG_COMPILER_APPICON_NAME = AppIcon;
				ASSETCATALOG_COMPILER_GLOBAL_ACCENT_COLOR_NAME = AccentColor;
				CODE_SIGN_STYLE = Automatic;
				CURRENT_PROJECT_VERSION = 1;
				DEVELOPMENT_ASSET_PATHS = "\"motiva Watch App/Preview Content\"";
				DEVELOPMENT_TEAM = 2WUBK8ZL5T;
				ENABLE_PREVIEWS = YES;
				GENERATE_INFOPLIST_FILE = YES;
				INFOPLIST_KEY_CFBundleDisplayName = motiva;
				INFOPLIST_KEY_UISupportedInterfaceOrientations = "UIInterfaceOrientationPortrait UIInterfaceOrientationPortraitUpsideDown";
				INFOPLIST_KEY_WKWatchOnly = YES;
				LD_RUNPATH_SEARCH_PATHS = (
					"$(inherited)",
					"@executable_path/Frameworks",
				);
				MARKETING_VERSION = 1.0;
				PRODUCT_BUNDLE_IDENTIFIER = br.ufpe.cin.academy.motiva.watchkitapp;
				PRODUCT_NAME = "$(TARGET_NAME)";
				SDKROOT = watchos;
				SKIP_INSTALL = YES;
				SWIFT_EMIT_LOC_STRINGS = YES;
				SWIFT_VERSION = 5.0;
				TARGETED_DEVICE_FAMILY = 4;
				WATCHOS_DEPLOYMENT_TARGET = 9.1;
			};
			name = Debug;
		};
		93F7A718292E462200789EA9 /* Release */ = {
			isa = XCBuildConfiguration;
			buildSettings = {
				ASSETCATALOG_COMPILER_APPICON_NAME = AppIcon;
				ASSETCATALOG_COMPILER_GLOBAL_ACCENT_COLOR_NAME = AccentColor;
				CODE_SIGN_STYLE = Automatic;
				CURRENT_PROJECT_VERSION = 1;
				DEVELOPMENT_ASSET_PATHS = "\"motiva Watch App/Preview Content\"";
				DEVELOPMENT_TEAM = 2WUBK8ZL5T;
				ENABLE_PREVIEWS = YES;
				GENERATE_INFOPLIST_FILE = YES;
				INFOPLIST_KEY_CFBundleDisplayName = motiva;
				INFOPLIST_KEY_UISupportedInterfaceOrientations = "UIInterfaceOrientationPortrait UIInterfaceOrientationPortraitUpsideDown";
				INFOPLIST_KEY_WKWatchOnly = YES;
				LD_RUNPATH_SEARCH_PATHS = (
					"$(inherited)",
					"@executable_path/Frameworks",
				);
				MARKETING_VERSION = 1.0;
				PRODUCT_BUNDLE_IDENTIFIER = br.ufpe.cin.academy.motiva.watchkitapp;
				PRODUCT_NAME = "$(TARGET_NAME)";
				SDKROOT = watchos;
				SKIP_INSTALL = YES;
				SWIFT_EMIT_LOC_STRINGS = YES;
				SWIFT_VERSION = 5.0;
				TARGETED_DEVICE_FAMILY = 4;
				VALIDATE_PRODUCT = YES;
				WATCHOS_DEPLOYMENT_TARGET = 9.1;
			};
			name = Release;
		};
		93F7A71B292E462200789EA9 /* Debug */ = {
			isa = XCBuildConfiguration;
			buildSettings = {
				ALWAYS_EMBED_SWIFT_STANDARD_LIBRARIES = YES;
				CODE_SIGN_STYLE = Automatic;
				CURRENT_PROJECT_VERSION = 1;
				DEVELOPMENT_TEAM = 2WUBK8ZL5T;
				INFOPLIST_KEY_CFBundleDisplayName = motiva;
				MARKETING_VERSION = 1.0;
				PRODUCT_BUNDLE_IDENTIFIER = br.ufpe.cin.academy.motiva;
				PRODUCT_NAME = "$(TARGET_NAME)";
				SDKROOT = iphoneos;
				SWIFT_VERSION = 5.0;
			};
			name = Debug;
		};
		93F7A71C292E462200789EA9 /* Release */ = {
			isa = XCBuildConfiguration;
			buildSettings = {
				ALWAYS_EMBED_SWIFT_STANDARD_LIBRARIES = YES;
				CODE_SIGN_STYLE = Automatic;
				CURRENT_PROJECT_VERSION = 1;
				DEVELOPMENT_TEAM = 2WUBK8ZL5T;
				INFOPLIST_KEY_CFBundleDisplayName = motiva;
				MARKETING_VERSION = 1.0;
				PRODUCT_BUNDLE_IDENTIFIER = br.ufpe.cin.academy.motiva;
				PRODUCT_NAME = "$(TARGET_NAME)";
				SDKROOT = iphoneos;
				SWIFT_VERSION = 5.0;
				VALIDATE_PRODUCT = YES;
			};
			name = Release;
		};
/* End XCBuildConfiguration section */

/* Begin XCConfigurationList section */
		93F7A6FD292E462200789EA9 /* Build configuration list for PBXProject "motiva" */ = {
			isa = XCConfigurationList;
			buildConfigurations = (
				93F7A714292E462200789EA9 /* Debug */,
				93F7A715292E462200789EA9 /* Release */,
			);
			defaultConfigurationIsVisible = 0;
			defaultConfigurationName = Release;
		};
		93F7A716292E462200789EA9 /* Build configuration list for PBXNativeTarget "motiva Watch App" */ = {
			isa = XCConfigurationList;
			buildConfigurations = (
				93F7A717292E462200789EA9 /* Debug */,
				93F7A718292E462200789EA9 /* Release */,
			);
			defaultConfigurationIsVisible = 0;
			defaultConfigurationName = Release;
		};
		93F7A71A292E462200789EA9 /* Build configuration list for PBXNativeTarget "motiva" */ = {
			isa = XCConfigurationList;
			buildConfigurations = (
				93F7A71B292E462200789EA9 /* Debug */,
				93F7A71C292E462200789EA9 /* Release */,
			);
			defaultConfigurationIsVisible = 0;
			defaultConfigurationName = Release;
		};
/* End XCConfigurationList section */
	};
	rootObject = 93F7A6FA292E462200789EA9 /* Project object */;
}
